// !$*UTF8*$!
{
	archiveVersion = 1;
	classes = {
	};
	objectVersion = 50;
	objects = {

/* Begin PBXBuildFile section */
		D0CD61E121E4388600AEF8E9 /* main.swift in Sources */ = {isa = PBXBuildFile; fileRef = D0CD61E021E4388600AEF8E9 /* main.swift */; };
		D0CD61E821E438DC00AEF8E9 /* HyperGeometricDistribution.swift in Sources */ = {isa = PBXBuildFile; fileRef = D0CD61E721E438DC00AEF8E9 /* HyperGeometricDistribution.swift */; };
		D0CD61F021E4612A00AEF8E9 /* RDVaHyperGeometricDistributionTests.swift in Sources */ = {isa = PBXBuildFile; fileRef = D0CD61EF21E4612A00AEF8E9 /* RDVaHyperGeometricDistributionTests.swift */; };
/* End PBXBuildFile section */

/* Begin PBXCopyFilesBuildPhase section */
		D0CD61DB21E4388600AEF8E9 /* CopyFiles */ = {
			isa = PBXCopyFilesBuildPhase;
			buildActionMask = 2147483647;
			dstPath = /usr/share/man/man1/;
			dstSubfolderSpec = 0;
			files = (
			);
			runOnlyForDeploymentPostprocessing = 1;
		};
/* End PBXCopyFilesBuildPhase section */

/* Begin PBXFileReference section */
		D0CD61DD21E4388600AEF8E9 /* RDVaHyperGeometricDistribution */ = {isa = PBXFileReference; explicitFileType = "compiled.mach-o.executable"; includeInIndex = 0; path = RDVaHyperGeometricDistribution; sourceTree = BUILT_PRODUCTS_DIR; };
		D0CD61E021E4388600AEF8E9 /* main.swift */ = {isa = PBXFileReference; lastKnownFileType = sourcecode.swift; path = main.swift; sourceTree = "<group>"; };
		D0CD61E721E438DC00AEF8E9 /* HyperGeometricDistribution.swift */ = {isa = PBXFileReference; lastKnownFileType = sourcecode.swift; path = HyperGeometricDistribution.swift; sourceTree = "<group>"; };
		D0CD61ED21E4612A00AEF8E9 /* RDVaHyperGeometricDistributionTests.xctest */ = {isa = PBXFileReference; explicitFileType = wrapper.cfbundle; includeInIndex = 0; path = RDVaHyperGeometricDistributionTests.xctest; sourceTree = BUILT_PRODUCTS_DIR; };
		D0CD61EF21E4612A00AEF8E9 /* RDVaHyperGeometricDistributionTests.swift */ = {isa = PBXFileReference; lastKnownFileType = sourcecode.swift; path = RDVaHyperGeometricDistributionTests.swift; sourceTree = "<group>"; };
		D0CD61F121E4612A00AEF8E9 /* Info.plist */ = {isa = PBXFileReference; lastKnownFileType = text.plist.xml; path = Info.plist; sourceTree = "<group>"; };
/* End PBXFileReference section */

/* Begin PBXFrameworksBuildPhase section */
		D0CD61DA21E4388600AEF8E9 /* Frameworks */ = {
			isa = PBXFrameworksBuildPhase;
			buildActionMask = 2147483647;
			files = (
			);
			runOnlyForDeploymentPostprocessing = 0;
		};
		D0CD61EA21E4612A00AEF8E9 /* Frameworks */ = {
			isa = PBXFrameworksBuildPhase;
			buildActionMask = 2147483647;
			files = (
			);
			runOnlyForDeploymentPostprocessing = 0;
		};
/* End PBXFrameworksBuildPhase section */

/* Begin PBXGroup section */
		D0CD61D421E4388600AEF8E9 = {
			isa = PBXGroup;
			children = (
				D0CD61DF21E4388600AEF8E9 /* RDVaHyperGeometricDistribution */,
				D0CD61EE21E4612A00AEF8E9 /* RDVaHyperGeometricDistributionTests */,
				D0CD61DE21E4388600AEF8E9 /* Products */,
			);
			sourceTree = "<group>";
		};
		D0CD61DE21E4388600AEF8E9 /* Products */ = {
			isa = PBXGroup;
			children = (
				D0CD61DD21E4388600AEF8E9 /* RDVaHyperGeometricDistribution */,
				D0CD61ED21E4612A00AEF8E9 /* RDVaHyperGeometricDistributionTests.xctest */,
			);
			name = Products;
			sourceTree = "<group>";
		};
		D0CD61DF21E4388600AEF8E9 /* RDVaHyperGeometricDistribution */ = {
			isa = PBXGroup;
			children = (
				D0CD61E021E4388600AEF8E9 /* main.swift */,
				D0CD61E721E438DC00AEF8E9 /* HyperGeometricDistribution.swift */,
			);
			path = RDVaHyperGeometricDistribution;
			sourceTree = "<group>";
		};
		D0CD61EE21E4612A00AEF8E9 /* RDVaHyperGeometricDistributionTests */ = {
			isa = PBXGroup;
			children = (
				D0CD61EF21E4612A00AEF8E9 /* RDVaHyperGeometricDistributionTests.swift */,
				D0CD61F121E4612A00AEF8E9 /* Info.plist */,
			);
			path = RDVaHyperGeometricDistributionTests;
			sourceTree = "<group>";
		};
/* End PBXGroup section */

/* Begin PBXNativeTarget section */
		D0CD61DC21E4388600AEF8E9 /* RDVaHyperGeometricDistribution */ = {
			isa = PBXNativeTarget;
			buildConfigurationList = D0CD61E421E4388600AEF8E9 /* Build configuration list for PBXNativeTarget "RDVaHyperGeometricDistribution" */;
			buildPhases = (
				D0CD61D921E4388600AEF8E9 /* Sources */,
				D0CD61DA21E4388600AEF8E9 /* Frameworks */,
				D0CD61DB21E4388600AEF8E9 /* CopyFiles */,
			);
			buildRules = (
			);
			dependencies = (
			);
			name = RDVaHyperGeometricDistribution;
			productName = RDVaHyperGeometricDistribution;
			productReference = D0CD61DD21E4388600AEF8E9 /* RDVaHyperGeometricDistribution */;
			productType = "com.apple.product-type.tool";
		};
		D0CD61EC21E4612A00AEF8E9 /* RDVaHyperGeometricDistributionTests */ = {
			isa = PBXNativeTarget;
			buildConfigurationList = D0CD61F221E4612A00AEF8E9 /* Build configuration list for PBXNativeTarget "RDVaHyperGeometricDistributionTests" */;
			buildPhases = (
				D0CD61E921E4612A00AEF8E9 /* Sources */,
				D0CD61EA21E4612A00AEF8E9 /* Frameworks */,
				D0CD61EB21E4612A00AEF8E9 /* Resources */,
			);
			buildRules = (
			);
			dependencies = (
			);
			name = RDVaHyperGeometricDistributionTests;
			productName = RDVaHyperGeometricDistributionTests;
			productReference = D0CD61ED21E4612A00AEF8E9 /* RDVaHyperGeometricDistributionTests.xctest */;
			productType = "com.apple.product-type.bundle.unit-test";
		};
/* End PBXNativeTarget section */

/* Begin PBXProject section */
		D0CD61D521E4388600AEF8E9 /* Project object */ = {
			isa = PBXProject;
			attributes = {
				LastSwiftUpdateCheck = 1010;
				LastUpgradeCheck = 1010;
				ORGANIZATIONNAME = "Rob VanHoorne";
				TargetAttributes = {
					D0CD61DC21E4388600AEF8E9 = {
						CreatedOnToolsVersion = 10.1;
					};
					D0CD61EC21E4612A00AEF8E9 = {
						CreatedOnToolsVersion = 10.1;
					};
				};
			};
			buildConfigurationList = D0CD61D821E4388600AEF8E9 /* Build configuration list for PBXProject "RDVaHyperGeometricDistribution" */;
			compatibilityVersion = "Xcode 9.3";
			developmentRegion = en;
			hasScannedForEncodings = 0;
			knownRegions = (
				en,
			);
			mainGroup = D0CD61D421E4388600AEF8E9;
			productRefGroup = D0CD61DE21E4388600AEF8E9 /* Products */;
			projectDirPath = "";
			projectRoot = "";
			targets = (
				D0CD61DC21E4388600AEF8E9 /* RDVaHyperGeometricDistribution */,
				D0CD61EC21E4612A00AEF8E9 /* RDVaHyperGeometricDistributionTests */,
			);
		};
/* End PBXProject section */

/* Begin PBXResourcesBuildPhase section */
		D0CD61EB21E4612A00AEF8E9 /* Resources */ = {
			isa = PBXResourcesBuildPhase;
			buildActionMask = 2147483647;
			files = (
			);
			runOnlyForDeploymentPostprocessing = 0;
		};
/* End PBXResourcesBuildPhase section */

/* Begin PBXSourcesBuildPhase section */
		D0CD61D921E4388600AEF8E9 /* Sources */ = {
			isa = PBXSourcesBuildPhase;
			buildActionMask = 2147483647;
			files = (
				D0CD61E821E438DC00AEF8E9 /* HyperGeometricDistribution.swift in Sources */,
				D0CD61E121E4388600AEF8E9 /* main.swift in Sources */,
			);
			runOnlyForDeploymentPostprocessing = 0;
		};
		D0CD61E921E4612A00AEF8E9 /* Sources */ = {
			isa = PBXSourcesBuildPhase;
			buildActionMask = 2147483647;
			files = (
				D0CD61F021E4612A00AEF8E9 /* RDVaHyperGeometricDistributionTests.swift in Sources */,
			);
			runOnlyForDeploymentPostprocessing = 0;
		};
/* End PBXSourcesBuildPhase section */

/* Begin XCBuildConfiguration section */
		D0CD61E221E4388600AEF8E9 /* Debug */ = {
			isa = XCBuildConfiguration;
			buildSettings = {
				ALWAYS_SEARCH_USER_PATHS = NO;
				CLANG_ANALYZER_NONNULL = YES;
				CLANG_ANALYZER_NUMBER_OBJECT_CONVERSION = YES_AGGRESSIVE;
				CLANG_CXX_LANGUAGE_STANDARD = "gnu++14";
				CLANG_CXX_LIBRARY = "libc++";
				CLANG_ENABLE_MODULES = YES;
				CLANG_ENABLE_OBJC_ARC = YES;
				CLANG_ENABLE_OBJC_WEAK = YES;
				CLANG_WARN_BLOCK_CAPTURE_AUTORELEASING = YES;
				CLANG_WARN_BOOL_CONVERSION = YES;
				CLANG_WARN_COMMA = YES;
				CLANG_WARN_CONSTANT_CONVERSION = YES;
				CLANG_WARN_DEPRECATED_OBJC_IMPLEMENTATIONS = YES;
				CLANG_WARN_DIRECT_OBJC_ISA_USAGE = YES_ERROR;
				CLANG_WARN_DOCUMENTATION_COMMENTS = YES;
				CLANG_WARN_EMPTY_BODY = YES;
				CLANG_WARN_ENUM_CONVERSION = YES;
				CLANG_WARN_INFINITE_RECURSION = YES;
				CLANG_WARN_INT_CONVERSION = YES;
				CLANG_WARN_NON_LITERAL_NULL_CONVERSION = YES;
				CLANG_WARN_OBJC_IMPLICIT_RETAIN_SELF = YES;
				CLANG_WARN_OBJC_LITERAL_CONVERSION = YES;
				CLANG_WARN_OBJC_ROOT_CLASS = YES_ERROR;
				CLANG_WARN_RANGE_LOOP_ANALYSIS = YES;
				CLANG_WARN_STRICT_PROTOTYPES = YES;
				CLANG_WARN_SUSPICIOUS_MOVE = YES;
				CLANG_WARN_UNGUARDED_AVAILABILITY = YES_AGGRESSIVE;
				CLANG_WARN_UNREACHABLE_CODE = YES;
				CLANG_WARN__DUPLICATE_METHOD_MATCH = YES;
				CODE_SIGN_IDENTITY = "-";
				COPY_PHASE_STRIP = NO;
				DEBUG_INFORMATION_FORMAT = dwarf;
				ENABLE_STRICT_OBJC_MSGSEND = YES;
				ENABLE_TESTABILITY = YES;
				GCC_C_LANGUAGE_STANDARD = gnu11;
				GCC_DYNAMIC_NO_PIC = NO;
				GCC_NO_COMMON_BLOCKS = YES;
				GCC_OPTIMIZATION_LEVEL = 0;
				GCC_PREPROCESSOR_DEFINITIONS = (
					"DEBUG=1",
					"$(inherited)",
				);
				GCC_WARN_64_TO_32_BIT_CONVERSION = YES;
				GCC_WARN_ABOUT_RETURN_TYPE = YES_ERROR;
				GCC_WARN_UNDECLARED_SELECTOR = YES;
				GCC_WARN_UNINITIALIZED_AUTOS = YES_AGGRESSIVE;
				GCC_WARN_UNUSED_FUNCTION = YES;
				GCC_WARN_UNUSED_VARIABLE = YES;
				MACOSX_DEPLOYMENT_TARGET = 10.14;
				MTL_ENABLE_DEBUG_INFO = INCLUDE_SOURCE;
				MTL_FAST_MATH = YES;
				ONLY_ACTIVE_ARCH = YES;
				SDKROOT = macosx;
				SWIFT_ACTIVE_COMPILATION_CONDITIONS = DEBUG;
				SWIFT_OPTIMIZATION_LEVEL = "-Onone";
			};
			name = Debug;
		};
		D0CD61E321E4388600AEF8E9 /* Release */ = {
			isa = XCBuildConfiguration;
			buildSettings = {
				ALWAYS_SEARCH_USER_PATHS = NO;
				CLANG_ANALYZER_NONNULL = YES;
				CLANG_ANALYZER_NUMBER_OBJECT_CONVERSION = YES_AGGRESSIVE;
				CLANG_CXX_LANGUAGE_STANDARD = "gnu++14";
				CLANG_CXX_LIBRARY = "libc++";
				CLANG_ENABLE_MODULES = YES;
				CLANG_ENABLE_OBJC_ARC = YES;
				CLANG_ENABLE_OBJC_WEAK = YES;
				CLANG_WARN_BLOCK_CAPTURE_AUTORELEASING = YES;
				CLANG_WARN_BOOL_CONVERSION = YES;
				CLANG_WARN_COMMA = YES;
				CLANG_WARN_CONSTANT_CONVERSION = YES;
				CLANG_WARN_DEPRECATED_OBJC_IMPLEMENTATIONS = YES;
				CLANG_WARN_DIRECT_OBJC_ISA_USAGE = YES_ERROR;
				CLANG_WARN_DOCUMENTATION_COMMENTS = YES;
				CLANG_WARN_EMPTY_BODY = YES;
				CLANG_WARN_ENUM_CONVERSION = YES;
				CLANG_WARN_INFINITE_RECURSION = YES;
				CLANG_WARN_INT_CONVERSION = YES;
				CLANG_WARN_NON_LITERAL_NULL_CONVERSION = YES;
				CLANG_WARN_OBJC_IMPLICIT_RETAIN_SELF = YES;
				CLANG_WARN_OBJC_LITERAL_CONVERSION = YES;
				CLANG_WARN_OBJC_ROOT_CLASS = YES_ERROR;
				CLANG_WARN_RANGE_LOOP_ANALYSIS = YES;
				CLANG_WARN_STRICT_PROTOTYPES = YES;
				CLANG_WARN_SUSPICIOUS_MOVE = YES;
				CLANG_WARN_UNGUARDED_AVAILABILITY = YES_AGGRESSIVE;
				CLANG_WARN_UNREACHABLE_CODE = YES;
				CLANG_WARN__DUPLICATE_METHOD_MATCH = YES;
				CODE_SIGN_IDENTITY = "-";
				COPY_PHASE_STRIP = NO;
				DEBUG_INFORMATION_FORMAT = "dwarf-with-dsym";
				ENABLE_NS_ASSERTIONS = NO;
				ENABLE_STRICT_OBJC_MSGSEND = YES;
				GCC_C_LANGUAGE_STANDARD = gnu11;
				GCC_NO_COMMON_BLOCKS = YES;
				GCC_WARN_64_TO_32_BIT_CONVERSION = YES;
				GCC_WARN_ABOUT_RETURN_TYPE = YES_ERROR;
				GCC_WARN_UNDECLARED_SELECTOR = YES;
				GCC_WARN_UNINITIALIZED_AUTOS = YES_AGGRESSIVE;
				GCC_WARN_UNUSED_FUNCTION = YES;
				GCC_WARN_UNUSED_VARIABLE = YES;
				MACOSX_DEPLOYMENT_TARGET = 10.14;
				MTL_ENABLE_DEBUG_INFO = NO;
				MTL_FAST_MATH = YES;
				SDKROOT = macosx;
				SWIFT_COMPILATION_MODE = wholemodule;
				SWIFT_OPTIMIZATION_LEVEL = "-O";
			};
			name = Release;
		};
		D0CD61E521E4388600AEF8E9 /* Debug */ = {
			isa = XCBuildConfiguration;
			buildSettings = {
				CODE_SIGN_STYLE = Automatic;
				PRODUCT_NAME = "$(TARGET_NAME)";
				SWIFT_VERSION = 4.2;
			};
			name = Debug;
		};
		D0CD61E621E4388600AEF8E9 /* Release */ = {
			isa = XCBuildConfiguration;
			buildSettings = {
				CODE_SIGN_STYLE = Automatic;
				PRODUCT_NAME = "$(TARGET_NAME)";
				SWIFT_VERSION = 4.2;
			};
			name = Release;
		};
		D0CD61F321E4612A00AEF8E9 /* Debug */ = {
			isa = XCBuildConfiguration;
			buildSettings = {
				CODE_SIGN_STYLE = Automatic;
				COMBINE_HIDPI_IMAGES = YES;
				INFOPLIST_FILE = RDVaHyperGeometricDistributionTests/Info.plist;
				LD_RUNPATH_SEARCH_PATHS = (
					"$(inherited)",
					"@executable_path/../Frameworks",
					"@loader_path/../Frameworks",
				);
				PRODUCT_BUNDLE_IDENTIFIER = rdva.online.RDVaHyperGeometricDistributionTests;
				PRODUCT_NAME = "$(TARGET_NAME)";
				SWIFT_VERSION = 4.2;
			};
			name = Debug;
		};
		D0CD61F421E4612A00AEF8E9 /* Release */ = {
			isa = XCBuildConfiguration;
			buildSettings = {
				CODE_SIGN_STYLE = Automatic;
				COMBINE_HIDPI_IMAGES = YES;
				INFOPLIST_FILE = RDVaHyperGeometricDistributionTests/Info.plist;
				LD_RUNPATH_SEARCH_PATHS = (
					"$(inherited)",
					"@executable_path/../Frameworks",
					"@loader_path/../Frameworks",
				);
				PRODUCT_BUNDLE_IDENTIFIER = rdva.online.RDVaHyperGeometricDistributionTests;
				PRODUCT_NAME = "$(TARGET_NAME)";
				SWIFT_VERSION = 4.2;
			};
			name = Release;
		};
/* End XCBuildConfiguration section */

/* Begin XCConfigurationList section */
		D0CD61D821E4388600AEF8E9 /* Build configuration list for PBXProject "RDVaHyperGeometricDistribution" */ = {
			isa = XCConfigurationList;
			buildConfigurations = (
				D0CD61E221E4388600AEF8E9 /* Debug */,
				D0CD61E321E4388600AEF8E9 /* Release */,
			);
			defaultConfigurationIsVisible = 0;
			defaultConfigurationName = Release;
		};
		D0CD61E421E4388600AEF8E9 /* Build configuration list for PBXNativeTarget "RDVaHyperGeometricDistribution" */ = {
			isa = XCConfigurationList;
			buildConfigurations = (
				D0CD61E521E4388600AEF8E9 /* Debug */,
				D0CD61E621E4388600AEF8E9 /* Release */,
			);
			defaultConfigurationIsVisible = 0;
			defaultConfigurationName = Release;
		};
		D0CD61F221E4612A00AEF8E9 /* Build configuration list for PBXNativeTarget "RDVaHyperGeometricDistributionTests" */ = {
			isa = XCConfigurationList;
			buildConfigurations = (
				D0CD61F321E4612A00AEF8E9 /* Debug */,
				D0CD61F421E4612A00AEF8E9 /* Release */,
			);
			defaultConfigurationIsVisible = 0;
			defaultConfigurationName = Release;
		};
/* End XCConfigurationList section */
	};
	rootObject = D0CD61D521E4388600AEF8E9 /* Project object */;
}
